
Microsoft Visual Studio Solution File, Format Version 12.00
# Visual Studio Version 17
VisualStudioVersion = 17.14.36518.9 d17.14
MinimumVisualStudioVersion = 10.0.40219.1
Project("{FAE04EC0-301F-11D3-BF4B-00C04F79EFBC}") = "PiePursuit", "PiePursuit\PiePursuit.csproj", "{157E5A86-D8D3-46AF-AEDF-D7DCB0E1D01C}"
EndProject
Global
	GlobalSection(SolutionConfigurationPlatforms) = preSolution
		Debug|Any CPU = Debug|Any CPU
		Release|Any CPU = Release|Any CPU
	EndGlobalSection
	GlobalSection(ProjectConfigurationPlatforms) = postSolution
		{157E5A86-D8D3-46AF-AEDF-D7DCB0E1D01C}.Debug|Any CPU.ActiveCfg = Debug|Any CPU
		{157E5A86-D8D3-46AF-AEDF-D7DCB0E1D01C}.Debug|Any CPU.Build.0 = Debug|Any CPU
		{157E5A86-D8D3-46AF-AEDF-D7DCB0E1D01C}.Release|Any CPU.ActiveCfg = Release|Any CPU
		{157E5A86-D8D3-46AF-AEDF-D7DCB0E1D01C}.Release|Any CPU.Build.0 = Release|Any CPU
	EndGlobalSection
	GlobalSection(SolutionProperties) = preSolution
		HideSolutionNode = FALSE
	EndGlobalSection
	GlobalSection(ExtensibilityGlobals) = postSolution
		SolutionGuid = {54488912-7264-4EC3-B24C-F559B4E01E4A}
	EndGlobalSection
EndGlobal
