
Microsoft Visual Studio Solution File, Format Version 12.00
# Visual Studio Version 17
VisualStudioVersion = 17.14.36518.9 d17.14
MinimumVisualStudioVersion = 10.0.40219.1
Project("{FAE04EC0-301F-11D3-BF4B-00C04F79EFBC}") = "PersonsInfo", "PersonsInfo\PersonsInfo.csproj", "{63D5D4A9-A02F-4102-9216-9FC5D9289A96}"
EndProject
Global
	GlobalSection(SolutionConfigurationPlatforms) = preSolution
		Debug|Any CPU = Debug|Any CPU
		Release|Any CPU = Release|Any CPU
	EndGlobalSection
	GlobalSection(ProjectConfigurationPlatforms) = postSolution
		{63D5D4A9-A02F-4102-9216-9FC5D9289A96}.Debug|Any CPU.ActiveCfg = Debug|Any CPU
		{63D5D4A9-A02F-4102-9216-9FC5D9289A96}.Debug|Any CPU.Build.0 = Debug|Any CPU
		{63D5D4A9-A02F-4102-9216-9FC5D9289A96}.Release|Any CPU.ActiveCfg = Release|Any CPU
		{63D5D4A9-A02F-4102-9216-9FC5D9289A96}.Release|Any CPU.Build.0 = Release|Any CPU
	EndGlobalSection
	GlobalSection(SolutionProperties) = preSolution
		HideSolutionNode = FALSE
	EndGlobalSection
	GlobalSection(ExtensibilityGlobals) = postSolution
		SolutionGuid = {D0E3422F-3185-4D7A-B6B7-E6A0AE103FB3}
	EndGlobalSection
EndGlobal
