
Microsoft Visual Studio Solution File, Format Version 12.00
# Visual Studio Version 17
VisualStudioVersion = 17.14.36511.14 d17.14
MinimumVisualStudioVersion = 10.0.40219.1
Project("{FAE04EC0-301F-11D3-BF4B-00C04F79EFBC}") = "ClassBoxData", "ClassBoxData\ClassBoxData.csproj", "{009B61D1-CCA8-4A52-9CCA-E47000286B43}"
EndProject
Project("{FAE04EC0-301F-11D3-BF4B-00C04F79EFBC}") = "ShoppingSpree", "ShoppingSpree\ShoppingSpree.csproj", "{370E3302-6E32-4581-946F-E695B59E73C6}"
EndProject
Global
	GlobalSection(SolutionConfigurationPlatforms) = preSolution
		Debug|Any CPU = Debug|Any CPU
		Release|Any CPU = Release|Any CPU
	EndGlobalSection
	GlobalSection(ProjectConfigurationPlatforms) = postSolution
		{009B61D1-CCA8-4A52-9CCA-E47000286B43}.Debug|Any CPU.ActiveCfg = Debug|Any CPU
		{009B61D1-CCA8-4A52-9CCA-E47000286B43}.Debug|Any CPU.Build.0 = Debug|Any CPU
		{009B61D1-CCA8-4A52-9CCA-E47000286B43}.Release|Any CPU.ActiveCfg = Release|Any CPU
		{009B61D1-CCA8-4A52-9CCA-E47000286B43}.Release|Any CPU.Build.0 = Release|Any CPU
		{370E3302-6E32-4581-946F-E695B59E73C6}.Debug|Any CPU.ActiveCfg = Debug|Any CPU
		{370E3302-6E32-4581-946F-E695B59E73C6}.Debug|Any CPU.Build.0 = Debug|Any CPU
		{370E3302-6E32-4581-946F-E695B59E73C6}.Release|Any CPU.ActiveCfg = Release|Any CPU
		{370E3302-6E32-4581-946F-E695B59E73C6}.Release|Any CPU.Build.0 = Release|Any CPU
	EndGlobalSection
	GlobalSection(SolutionProperties) = preSolution
		HideSolutionNode = FALSE
	EndGlobalSection
	GlobalSection(ExtensibilityGlobals) = postSolution
		SolutionGuid = {F8933027-1790-4106-BA9B-8AF3AA0416B3}
	EndGlobalSection
EndGlobal
