
Microsoft Visual Studio Solution File, Format Version 12.00
# Visual Studio Version 17
VisualStudioVersion = 17.14.36301.6 d17.14
MinimumVisualStudioVersion = 10.0.40219.1
Project("{FAE04EC0-301F-11D3-BF4B-00C04F79EFBC}") = "01.Train", "01.Train\01.Train.csproj", "{58F655C7-BA65-42B4-8F4F-1D5D3E3B7E33}"
EndProject
Project("{FAE04EC0-301F-11D3-BF4B-00C04F79EFBC}") = "02.ChangeList", "02.ChangeList\02.ChangeList.csproj", "{042C451F-5546-4583-9887-D2962B3EEE33}"
EndProject
Project("{FAE04EC0-301F-11D3-BF4B-00C04F79EFBC}") = "03.HouseParty", "03.HouseParty\03.HouseParty.csproj", "{E42AA773-12BD-48F3-B26B-74AFFA858FF7}"
EndProject
Project("{FAE04EC0-301F-11D3-BF4B-00C04F79EFBC}") = "05.BombNumbers", "05.BombNumbers\05.BombNumbers.csproj", "{18BD87A7-5A71-4C0E-B4ED-652DC912A47C}"
EndProject
Project("{FAE04EC0-301F-11D3-BF4B-00C04F79EFBC}") = "04.ListOperation", "04.ListOperation\04.ListOperation.csproj", "{9374FC98-D3EE-41D8-8E2C-29BF02499802}"
EndProject
Global
	GlobalSection(SolutionConfigurationPlatforms) = preSolution
		Debug|Any CPU = Debug|Any CPU
		Release|Any CPU = Release|Any CPU
	EndGlobalSection
	GlobalSection(ProjectConfigurationPlatforms) = postSolution
		{58F655C7-BA65-42B4-8F4F-1D5D3E3B7E33}.Debug|Any CPU.ActiveCfg = Debug|Any CPU
		{58F655C7-BA65-42B4-8F4F-1D5D3E3B7E33}.Debug|Any CPU.Build.0 = Debug|Any CPU
		{58F655C7-BA65-42B4-8F4F-1D5D3E3B7E33}.Release|Any CPU.ActiveCfg = Release|Any CPU
		{58F655C7-BA65-42B4-8F4F-1D5D3E3B7E33}.Release|Any CPU.Build.0 = Release|Any CPU
		{042C451F-5546-4583-9887-D2962B3EEE33}.Debug|Any CPU.ActiveCfg = Debug|Any CPU
		{042C451F-5546-4583-9887-D2962B3EEE33}.Debug|Any CPU.Build.0 = Debug|Any CPU
		{042C451F-5546-4583-9887-D2962B3EEE33}.Release|Any CPU.ActiveCfg = Release|Any CPU
		{042C451F-5546-4583-9887-D2962B3EEE33}.Release|Any CPU.Build.0 = Release|Any CPU
		{E42AA773-12BD-48F3-B26B-74AFFA858FF7}.Debug|Any CPU.ActiveCfg = Debug|Any CPU
		{E42AA773-12BD-48F3-B26B-74AFFA858FF7}.Debug|Any CPU.Build.0 = Debug|Any CPU
		{E42AA773-12BD-48F3-B26B-74AFFA858FF7}.Release|Any CPU.ActiveCfg = Release|Any CPU
		{E42AA773-12BD-48F3-B26B-74AFFA858FF7}.Release|Any CPU.Build.0 = Release|Any CPU
		{18BD87A7-5A71-4C0E-B4ED-652DC912A47C}.Debug|Any CPU.ActiveCfg = Debug|Any CPU
		{18BD87A7-5A71-4C0E-B4ED-652DC912A47C}.Debug|Any CPU.Build.0 = Debug|Any CPU
		{18BD87A7-5A71-4C0E-B4ED-652DC912A47C}.Release|Any CPU.ActiveCfg = Release|Any CPU
		{18BD87A7-5A71-4C0E-B4ED-652DC912A47C}.Release|Any CPU.Build.0 = Release|Any CPU
		{9374FC98-D3EE-41D8-8E2C-29BF02499802}.Debug|Any CPU.ActiveCfg = Debug|Any CPU
		{9374FC98-D3EE-41D8-8E2C-29BF02499802}.Debug|Any CPU.Build.0 = Debug|Any CPU
		{9374FC98-D3EE-41D8-8E2C-29BF02499802}.Release|Any CPU.ActiveCfg = Release|Any CPU
		{9374FC98-D3EE-41D8-8E2C-29BF02499802}.Release|Any CPU.Build.0 = Release|Any CPU
	EndGlobalSection
	GlobalSection(SolutionProperties) = preSolution
		HideSolutionNode = FALSE
	EndGlobalSection
	GlobalSection(ExtensibilityGlobals) = postSolution
		SolutionGuid = {79FCC6E9-1CB3-40E3-B283-B49D6DD57B6E}
	EndGlobalSection
EndGlobal
