
Microsoft Visual Studio Solution File, Format Version 12.00
# Visual Studio Version 17
VisualStudioVersion = 17.13.35919.96 d17.13
MinimumVisualStudioVersion = 10.0.40219.1
Project("{FAE04EC0-301F-11D3-BF4B-00C04F79EFBC}") = "01.CountRealNumbers", "01.CountRealNumbers\01.CountRealNumbers.csproj", "{13735245-1F45-45A6-8DC0-7CF4CBB73CD9}"
EndProject
Project("{FAE04EC0-301F-11D3-BF4B-00C04F79EFBC}") = "02.OddOccurrences", "02.OddOccurrences\02.OddOccurrences.csproj", "{2CFAEA49-CD30-4CAF-8A5F-0B1FD39C9973}"
EndProject
Project("{FAE04EC0-301F-11D3-BF4B-00C04F79EFBC}") = "03.WordSynonyms", "03.WordInSynonyms\03.WordSynonyms.csproj", "{ED61DD04-48E9-4898-AF62-66831D933637}"
EndProject
Project("{FAE04EC0-301F-11D3-BF4B-00C04F79EFBC}") = "04.WordFilter", "04.WordFilter\04.WordFilter.csproj", "{3B121591-DEEA-4DCE-BF79-016CBF311C61}"
EndProject
Global
	GlobalSection(SolutionConfigurationPlatforms) = preSolution
		Debug|Any CPU = Debug|Any CPU
		Release|Any CPU = Release|Any CPU
	EndGlobalSection
	GlobalSection(ProjectConfigurationPlatforms) = postSolution
		{13735245-1F45-45A6-8DC0-7CF4CBB73CD9}.Debug|Any CPU.ActiveCfg = Debug|Any CPU
		{13735245-1F45-45A6-8DC0-7CF4CBB73CD9}.Debug|Any CPU.Build.0 = Debug|Any CPU
		{13735245-1F45-45A6-8DC0-7CF4CBB73CD9}.Release|Any CPU.ActiveCfg = Release|Any CPU
		{13735245-1F45-45A6-8DC0-7CF4CBB73CD9}.Release|Any CPU.Build.0 = Release|Any CPU
		{2CFAEA49-CD30-4CAF-8A5F-0B1FD39C9973}.Debug|Any CPU.ActiveCfg = Debug|Any CPU
		{2CFAEA49-CD30-4CAF-8A5F-0B1FD39C9973}.Debug|Any CPU.Build.0 = Debug|Any CPU
		{2CFAEA49-CD30-4CAF-8A5F-0B1FD39C9973}.Release|Any CPU.ActiveCfg = Release|Any CPU
		{2CFAEA49-CD30-4CAF-8A5F-0B1FD39C9973}.Release|Any CPU.Build.0 = Release|Any CPU
		{ED61DD04-48E9-4898-AF62-66831D933637}.Debug|Any CPU.ActiveCfg = Debug|Any CPU
		{ED61DD04-48E9-4898-AF62-66831D933637}.Debug|Any CPU.Build.0 = Debug|Any CPU
		{ED61DD04-48E9-4898-AF62-66831D933637}.Release|Any CPU.ActiveCfg = Release|Any CPU
		{ED61DD04-48E9-4898-AF62-66831D933637}.Release|Any CPU.Build.0 = Release|Any CPU
		{3B121591-DEEA-4DCE-BF79-016CBF311C61}.Debug|Any CPU.ActiveCfg = Debug|Any CPU
		{3B121591-DEEA-4DCE-BF79-016CBF311C61}.Debug|Any CPU.Build.0 = Debug|Any CPU
		{3B121591-DEEA-4DCE-BF79-016CBF311C61}.Release|Any CPU.ActiveCfg = Release|Any CPU
		{3B121591-DEEA-4DCE-BF79-016CBF311C61}.Release|Any CPU.Build.0 = Release|Any CPU
	EndGlobalSection
	GlobalSection(SolutionProperties) = preSolution
		HideSolutionNode = FALSE
	EndGlobalSection
	GlobalSection(ExtensibilityGlobals) = postSolution
		SolutionGuid = {18E9BFD9-E37C-4E69-B7CC-9CD135821028}
	EndGlobalSection
EndGlobal
