
Microsoft Visual Studio Solution File, Format Version 12.00
# Visual Studio Version 17
VisualStudioVersion = 17.14.36518.9 d17.14
MinimumVisualStudioVersion = 10.0.40219.1
Project("{FAE04EC0-301F-11D3-BF4B-00C04F79EFBC}") = "ClimbThePeak", "ClimbThePeak\ClimbThePeak.csproj", "{BD12291A-4188-4E3C-A1E1-67920521A5BA}"
EndProject
Project("{FAE04EC0-301F-11D3-BF4B-00C04F79EFBC}") = "BombHasBeenPlanted", "BombHasBeenPlanted\BombHasBeenPlanted.csproj", "{2C97B36A-E6D8-4CE4-BB6E-A40F1B181C32}"
EndProject
Global
	GlobalSection(SolutionConfigurationPlatforms) = preSolution
		Debug|Any CPU = Debug|Any CPU
		Release|Any CPU = Release|Any CPU
	EndGlobalSection
	GlobalSection(ProjectConfigurationPlatforms) = postSolution
		{BD12291A-4188-4E3C-A1E1-67920521A5BA}.Debug|Any CPU.ActiveCfg = Debug|Any CPU
		{BD12291A-4188-4E3C-A1E1-67920521A5BA}.Debug|Any CPU.Build.0 = Debug|Any CPU
		{BD12291A-4188-4E3C-A1E1-67920521A5BA}.Release|Any CPU.ActiveCfg = Release|Any CPU
		{BD12291A-4188-4E3C-A1E1-67920521A5BA}.Release|Any CPU.Build.0 = Release|Any CPU
		{2C97B36A-E6D8-4CE4-BB6E-A40F1B181C32}.Debug|Any CPU.ActiveCfg = Debug|Any CPU
		{2C97B36A-E6D8-4CE4-BB6E-A40F1B181C32}.Debug|Any CPU.Build.0 = Debug|Any CPU
		{2C97B36A-E6D8-4CE4-BB6E-A40F1B181C32}.Release|Any CPU.ActiveCfg = Release|Any CPU
		{2C97B36A-E6D8-4CE4-BB6E-A40F1B181C32}.Release|Any CPU.Build.0 = Release|Any CPU
	EndGlobalSection
	GlobalSection(SolutionProperties) = preSolution
		HideSolutionNode = FALSE
	EndGlobalSection
	GlobalSection(ExtensibilityGlobals) = postSolution
		SolutionGuid = {5263EC82-91B9-4BA2-9A95-7D501A414D3B}
	EndGlobalSection
EndGlobal
