
Microsoft Visual Studio Solution File, Format Version 12.00
# Visual Studio Version 17
VisualStudioVersion = 17.14.36518.9 d17.14
MinimumVisualStudioVersion = 10.0.40219.1
Project("{FAE04EC0-301F-11D3-BF4B-00C04F79EFBC}") = "FishingCompetition", "FishingSport\FishingCompetition.csproj", "{405C29BD-8E40-4020-A016-104CDC3BD633}"
EndProject
Global
	GlobalSection(SolutionConfigurationPlatforms) = preSolution
		Debug|Any CPU = Debug|Any CPU
		Release|Any CPU = Release|Any CPU
	EndGlobalSection
	GlobalSection(ProjectConfigurationPlatforms) = postSolution
		{405C29BD-8E40-4020-A016-104CDC3BD633}.Debug|Any CPU.ActiveCfg = Debug|Any CPU
		{405C29BD-8E40-4020-A016-104CDC3BD633}.Debug|Any CPU.Build.0 = Debug|Any CPU
		{405C29BD-8E40-4020-A016-104CDC3BD633}.Release|Any CPU.ActiveCfg = Release|Any CPU
		{405C29BD-8E40-4020-A016-104CDC3BD633}.Release|Any CPU.Build.0 = Release|Any CPU
	EndGlobalSection
	GlobalSection(SolutionProperties) = preSolution
		HideSolutionNode = FALSE
	EndGlobalSection
	GlobalSection(ExtensibilityGlobals) = postSolution
		SolutionGuid = {FB778510-E34D-4F24-8A69-1940115751C3}
	EndGlobalSection
EndGlobal
