
Microsoft Visual Studio Solution File, Format Version 12.00
# Visual Studio Version 17
VisualStudioVersion = 17.14.36518.9 d17.14
MinimumVisualStudioVersion = 10.0.40219.1
Project("{FAE04EC0-301F-11D3-BF4B-00C04F79EFBC}") = "EscapeTheMaze", "EscapeTheMaze\EscapeTheMaze.csproj", "{5B471493-1344-4194-BD91-D68F08E1EE3C}"
EndProject
Global
	GlobalSection(SolutionConfigurationPlatforms) = preSolution
		Debug|Any CPU = Debug|Any CPU
		Release|Any CPU = Release|Any CPU
	EndGlobalSection
	GlobalSection(ProjectConfigurationPlatforms) = postSolution
		{5B471493-1344-4194-BD91-D68F08E1EE3C}.Debug|Any CPU.ActiveCfg = Debug|Any CPU
		{5B471493-1344-4194-BD91-D68F08E1EE3C}.Debug|Any CPU.Build.0 = Debug|Any CPU
		{5B471493-1344-4194-BD91-D68F08E1EE3C}.Release|Any CPU.ActiveCfg = Release|Any CPU
		{5B471493-1344-4194-BD91-D68F08E1EE3C}.Release|Any CPU.Build.0 = Release|Any CPU
	EndGlobalSection
	GlobalSection(SolutionProperties) = preSolution
		HideSolutionNode = FALSE
	EndGlobalSection
	GlobalSection(ExtensibilityGlobals) = postSolution
		SolutionGuid = {31ADFB97-0CE2-4603-BE28-C2CA96C8E975}
	EndGlobalSection
EndGlobal
