
Microsoft Visual Studio Solution File, Format Version 12.00
# Visual Studio Version 17
VisualStudioVersion = 17.14.36511.14 d17.14
MinimumVisualStudioVersion = 10.0.40219.1
Project("{FAE04EC0-301F-11D3-BF4B-00C04F79EFBC}") = "01.SortEvenNumbers", "01.SortEvenNumbers\01.SortEvenNumbers.csproj", "{5C4C23CD-CB2B-45F0-A403-338F4B0C22F0}"
EndProject
Project("{FAE04EC0-301F-11D3-BF4B-00C04F79EFBC}") = "03.CountUppercaseWords", "03.CountUppercaseWords\03.CountUppercaseWords.csproj", "{00DC7E65-14E0-4E35-86A9-47F8C3F470D5}"
EndProject
Project("{FAE04EC0-301F-11D3-BF4B-00C04F79EFBC}") = "04.AddVAT", "04.AddVAT\04.AddVAT.csproj", "{76BD4877-B7CC-44BF-BBF9-37479F5EB956}"
EndProject
Project("{FAE04EC0-301F-11D3-BF4B-00C04F79EFBC}") = "02.SumNumbers", "02.SumNumbers\02.SumNumbers.csproj", "{B2D1C121-70E5-4DA5-896E-4045EACB21E1}"
EndProject
Project("{FAE04EC0-301F-11D3-BF4B-00C04F79EFBC}") = "05.FilterByAge", "05.FilterByAge\05.FilterByAge.csproj", "{AE01B968-DE93-4FFC-9FDA-B781608AC325}"
EndProject
Global
	GlobalSection(SolutionConfigurationPlatforms) = preSolution
		Debug|Any CPU = Debug|Any CPU
		Release|Any CPU = Release|Any CPU
	EndGlobalSection
	GlobalSection(ProjectConfigurationPlatforms) = postSolution
		{5C4C23CD-CB2B-45F0-A403-338F4B0C22F0}.Debug|Any CPU.ActiveCfg = Debug|Any CPU
		{5C4C23CD-CB2B-45F0-A403-338F4B0C22F0}.Debug|Any CPU.Build.0 = Debug|Any CPU
		{5C4C23CD-CB2B-45F0-A403-338F4B0C22F0}.Release|Any CPU.ActiveCfg = Release|Any CPU
		{5C4C23CD-CB2B-45F0-A403-338F4B0C22F0}.Release|Any CPU.Build.0 = Release|Any CPU
		{00DC7E65-14E0-4E35-86A9-47F8C3F470D5}.Debug|Any CPU.ActiveCfg = Debug|Any CPU
		{00DC7E65-14E0-4E35-86A9-47F8C3F470D5}.Debug|Any CPU.Build.0 = Debug|Any CPU
		{00DC7E65-14E0-4E35-86A9-47F8C3F470D5}.Release|Any CPU.ActiveCfg = Release|Any CPU
		{00DC7E65-14E0-4E35-86A9-47F8C3F470D5}.Release|Any CPU.Build.0 = Release|Any CPU
		{76BD4877-B7CC-44BF-BBF9-37479F5EB956}.Debug|Any CPU.ActiveCfg = Debug|Any CPU
		{76BD4877-B7CC-44BF-BBF9-37479F5EB956}.Debug|Any CPU.Build.0 = Debug|Any CPU
		{76BD4877-B7CC-44BF-BBF9-37479F5EB956}.Release|Any CPU.ActiveCfg = Release|Any CPU
		{76BD4877-B7CC-44BF-BBF9-37479F5EB956}.Release|Any CPU.Build.0 = Release|Any CPU
		{B2D1C121-70E5-4DA5-896E-4045EACB21E1}.Debug|Any CPU.ActiveCfg = Debug|Any CPU
		{B2D1C121-70E5-4DA5-896E-4045EACB21E1}.Debug|Any CPU.Build.0 = Debug|Any CPU
		{B2D1C121-70E5-4DA5-896E-4045EACB21E1}.Release|Any CPU.ActiveCfg = Release|Any CPU
		{B2D1C121-70E5-4DA5-896E-4045EACB21E1}.Release|Any CPU.Build.0 = Release|Any CPU
		{AE01B968-DE93-4FFC-9FDA-B781608AC325}.Debug|Any CPU.ActiveCfg = Debug|Any CPU
		{AE01B968-DE93-4FFC-9FDA-B781608AC325}.Debug|Any CPU.Build.0 = Debug|Any CPU
		{AE01B968-DE93-4FFC-9FDA-B781608AC325}.Release|Any CPU.ActiveCfg = Release|Any CPU
		{AE01B968-DE93-4FFC-9FDA-B781608AC325}.Release|Any CPU.Build.0 = Release|Any CPU
	EndGlobalSection
	GlobalSection(SolutionProperties) = preSolution
		HideSolutionNode = FALSE
	EndGlobalSection
	GlobalSection(ExtensibilityGlobals) = postSolution
		SolutionGuid = {618A7B62-39A4-45F1-B2E0-0C896F2413CE}
	EndGlobalSection
EndGlobal
